
Microsoft Visual Studio Solution File, Format Version 12.00
# Visual Studio Version 16
VisualStudioVersion = 16.0.31129.286
MinimumVisualStudioVersion = 10.0.40219.1
Project("{9A19103F-16F7-4668-BE54-9A1E7A4F7556}") = "DataAccess", "DataAccess\DataAccess.csproj", "{D42830C5-4747-4BEB-9BBE-A7ED589B1180}"
EndProject
Project("{9A19103F-16F7-4668-BE54-9A1E7A4F7556}") = "Business", "Business\Business.csproj", "{1DCD44B2-CFE5-413A-95C1-F50121CDBBF1}"
EndProject
Project("{9A19103F-16F7-4668-BE54-9A1E7A4F7556}") = "Entities", "Entities\Entities.csproj", "{581133C4-AEFA-4AB8-AFEA-5224AB0726F2}"
EndProject
Project("{9A19103F-16F7-4668-BE54-9A1E7A4F7556}") = "ConsoleUI", "ConsoleUI\ConsoleUI.csproj", "{8942D2D7-A1F8-489C-B4F7-7C5B3C8C76D4}"
EndProject
Project("{FAE04EC0-301F-11D3-BF4B-00C04F79EFBC}") = "Core", "Core\Core.csproj", "{50F27646-B0DE-4B64-B7EB-F62411A4B00B}"
EndProject
Global
	GlobalSection(SolutionConfigurationPlatforms) = preSolution
		Debug|Any CPU = Debug|Any CPU
		Release|Any CPU = Release|Any CPU
	EndGlobalSection
	GlobalSection(ProjectConfigurationPlatforms) = postSolution
		{D42830C5-4747-4BEB-9BBE-A7ED589B1180}.Debug|Any CPU.ActiveCfg = Debug|Any CPU
		{D42830C5-4747-4BEB-9BBE-A7ED589B1180}.Debug|Any CPU.Build.0 = Debug|Any CPU
		{D42830C5-4747-4BEB-9BBE-A7ED589B1180}.Release|Any CPU.ActiveCfg = Release|Any CPU
		{D42830C5-4747-4BEB-9BBE-A7ED589B1180}.Release|Any CPU.Build.0 = Release|Any CPU
		{1DCD44B2-CFE5-413A-95C1-F50121CDBBF1}.Debug|Any CPU.ActiveCfg = Debug|Any CPU
		{1DCD44B2-CFE5-413A-95C1-F50121CDBBF1}.Debug|Any CPU.Build.0 = Debug|Any CPU
		{1DCD44B2-CFE5-413A-95C1-F50121CDBBF1}.Release|Any CPU.ActiveCfg = Release|Any CPU
		{1DCD44B2-CFE5-413A-95C1-F50121CDBBF1}.Release|Any CPU.Build.0 = Release|Any CPU
		{581133C4-AEFA-4AB8-AFEA-5224AB0726F2}.Debug|Any CPU.ActiveCfg = Debug|Any CPU
		{581133C4-AEFA-4AB8-AFEA-5224AB0726F2}.Debug|Any CPU.Build.0 = Debug|Any CPU
		{581133C4-AEFA-4AB8-AFEA-5224AB0726F2}.Release|Any CPU.ActiveCfg = Release|Any CPU
		{581133C4-AEFA-4AB8-AFEA-5224AB0726F2}.Release|Any CPU.Build.0 = Release|Any CPU
		{8942D2D7-A1F8-489C-B4F7-7C5B3C8C76D4}.Debug|Any CPU.ActiveCfg = Debug|Any CPU
		{8942D2D7-A1F8-489C-B4F7-7C5B3C8C76D4}.Debug|Any CPU.Build.0 = Debug|Any CPU
		{8942D2D7-A1F8-489C-B4F7-7C5B3C8C76D4}.Release|Any CPU.ActiveCfg = Release|Any CPU
		{8942D2D7-A1F8-489C-B4F7-7C5B3C8C76D4}.Release|Any CPU.Build.0 = Release|Any CPU
		{50F27646-B0DE-4B64-B7EB-F62411A4B00B}.Debug|Any CPU.ActiveCfg = Debug|Any CPU
		{50F27646-B0DE-4B64-B7EB-F62411A4B00B}.Debug|Any CPU.Build.0 = Debug|Any CPU
		{50F27646-B0DE-4B64-B7EB-F62411A4B00B}.Release|Any CPU.ActiveCfg = Release|Any CPU
		{50F27646-B0DE-4B64-B7EB-F62411A4B00B}.Release|Any CPU.Build.0 = Release|Any CPU
	EndGlobalSection
	GlobalSection(SolutionProperties) = preSolution
		HideSolutionNode = FALSE
	EndGlobalSection
	GlobalSection(ExtensibilityGlobals) = postSolution
		SolutionGuid = {ED2B7AA4-C24E-45CE-8AC1-D9BB86D25150}
	EndGlobalSection
EndGlobal
